
Microsoft Visual Studio Solution File, Format Version 12.00
# Visual Studio Version 17
VisualStudioVersion = 17.7.34024.191
MinimumVisualStudioVersion = 10.0.40219.1
Project("{FAE04EC0-301F-11D3-BF4B-00C04F79EFBC}") = "IT481_TyMcCombs_Unit4", "IT481_TyMcCombs_Unit4.csproj", "{453DFF47-DDC2-4BB6-9EE8-7317497B2D2D}"
EndProject
Global
	GlobalSection(SolutionConfigurationPlatforms) = preSolution
		Debug|Any CPU = Debug|Any CPU
		Release|Any CPU = Release|Any CPU
	EndGlobalSection
	GlobalSection(ProjectConfigurationPlatforms) = postSolution
		{453DFF47-DDC2-4BB6-9EE8-7317497B2D2D}.Debug|Any CPU.ActiveCfg = Debug|Any CPU
		{453DFF47-DDC2-4BB6-9EE8-7317497B2D2D}.Debug|Any CPU.Build.0 = Debug|Any CPU
		{453DFF47-DDC2-4BB6-9EE8-7317497B2D2D}.Release|Any CPU.ActiveCfg = Release|Any CPU
		{453DFF47-DDC2-4BB6-9EE8-7317497B2D2D}.Release|Any CPU.Build.0 = Release|Any CPU
	EndGlobalSection
	GlobalSection(SolutionProperties) = preSolution
		HideSolutionNode = FALSE
	EndGlobalSection
	GlobalSection(ExtensibilityGlobals) = postSolution
		SolutionGuid = {E9C0755F-D865-40C7-BFBA-2BB444CC6B4C}
	EndGlobalSection
EndGlobal
